
Microsoft Visual Studio Solution File, Format Version 12.00
# Visual Studio 15
VisualStudioVersion = 15.0.27130.2010
MinimumVisualStudioVersion = 10.0.40219.1
Project("{FAE04EC0-301F-11D3-BF4B-00C04F79EFBC}") = "Gaming 2048", "Gaming 2048\Gaming 2048.csproj", "{30B4DC8D-8AE6-4965-AB94-36336E3BB09A}"
EndProject
Global
	GlobalSection(SolutionConfigurationPlatforms) = preSolution
		Debug|Any CPU = Debug|Any CPU
		Release|Any CPU = Release|Any CPU
	EndGlobalSection
	GlobalSection(ProjectConfigurationPlatforms) = postSolution
		{30B4DC8D-8AE6-4965-AB94-36336E3BB09A}.Debug|Any CPU.ActiveCfg = Debug|Any CPU
		{30B4DC8D-8AE6-4965-AB94-36336E3BB09A}.Debug|Any CPU.Build.0 = Debug|Any CPU
		{30B4DC8D-8AE6-4965-AB94-36336E3BB09A}.Release|Any CPU.ActiveCfg = Release|Any CPU
		{30B4DC8D-8AE6-4965-AB94-36336E3BB09A}.Release|Any CPU.Build.0 = Release|Any CPU
	EndGlobalSection
	GlobalSection(SolutionProperties) = preSolution
		HideSolutionNode = FALSE
	EndGlobalSection
	GlobalSection(ExtensibilityGlobals) = postSolution
		SolutionGuid = {AFBA2CC9-E666-46DC-A3FB-0A919D5D028A}
	EndGlobalSection
EndGlobal
